{
  "name": "datasweet_formula",
  "version": "1.1.0",
  "lockfileVersion": 1,
  "requires": true,
  "dependencies": {
    "expr-eval": {
      "version": "1.2.2",
      "resolved": "https://registry.npmjs.org/expr-eval/-/expr-eval-1.2.2.tgz",
      "integrity": "sha1-ixoWC4FOZ9p2UgB+JpNxSJUiHqA="
    },
    "lodash": {
      "version": "4.17.10",
      "resolved": "https://registry.npmjs.org/lodash/-/lodash-4.17.10.tgz",
      "integrity": "sha512-UejweD1pDoXu+AD825lWwp4ZGtSwgnpZxb3JDViD7StjQz+Nb/6l093lx4OQ0foGWNRoc19mWy7BzL+UAK2iVg=="
    }
  }
}
