# THIS IS AN AUTOGENERATED FILE. DO NOT EDIT THIS FILE DIRECTLY.
# yarn lockfile v1


expr-eval@^1.2.1:
  version "1.2.1"
  resolved "https://registry.yarnpkg.com/expr-eval/-/expr-eval-1.2.1.tgz#1425caf4d7ccb7439ce72d0488b20c3f6e4ea25a"

lodash@^3.10.1:
  version "3.10.1"
  resolved "https://registry.yarnpkg.com/lodash/-/lodash-3.10.1.tgz#5bf45e8e49ba4189e17d482789dfd15bd140b7b6"
