{
  "name": "enhanced-table",
  "version": "0.5.0",
  "lockfileVersion": 1,
  "requires": true,
  "dependencies": {
    "expr-eval": {
      "version": "1.2.1",
      "resolved": "https://registry.npmjs.org/expr-eval/-/expr-eval-1.2.1.tgz",
      "integrity": "sha1-FCXK9NfMt0Oc5y0EiLIMP25Oolo="
    }
  }
}
